<?xml version="1.0" encoding="utf-8"?>
<Project ToolsVersion="4.0" xmlns="http://schemas.microsoft.com/developer/msbuild/2003">
  <ItemGroup>
    <Filter Include="Source Files">
      <UniqueIdentifier>{4FC737F1-C7A5-4376-A066-2A32D752A2FF}</UniqueIdentifier>
      <Extensions>cpp;c;cc;cxx;def;odl;idl;hpj;bat;asm;asmx</Extensions>
    </Filter>
    <Filter Include="Header Files">
      <UniqueIdentifier>{93995380-89BD-4b04-88EB-625FBE52EBFB}</UniqueIdentifier>
      <Extensions>h;hh;hpp;hxx;hm;inl;inc;xsd</Extensions>
    </Filter>
    <Filter Include="Resource Files">
      <UniqueIdentifier>{67DA6AB6-F800-4c08-8B7A-83BB121AAD01}</UniqueIdentifier>
      <Extensions>rc;ico;cur;bmp;dlg;rc2;rct;bin;rgs;gif;jpg;jpeg;jpe;resx;tiff;tif;png;wav;mfcribbon-ms</Extensions>
    </Filter>
  </ItemGroup>
  <ItemGroup>
    <ClInclude Include="src\3rd\irrlicht\aabbox3d.h">
      <Filter>Header Files</Filter>
    </ClInclude>
    <ClInclude Include="src\3rd\irrlicht\CDynamicMeshBuffer.h">
      <Filter>Header Files</Filter>
    </ClInclude>
    <ClInclude Include="src\3rd\irrlicht\CIndexBuffer.h">
      <Filter>Header Files</Filter>
    </ClInclude>
    <ClInclude Include="src\3rd\irrlicht\CMeshBuffer.h">
      <Filter>Header Files</Filter>
    </ClInclude>
    <ClInclude Include="src\3rd\irrlicht\coreutil.h">
      <Filter>Header Files</Filter>
    </ClInclude>
    <ClInclude Include="src\3rd\irrlicht\CVertexBuffer.h">
      <Filter>Header Files</Filter>
    </ClInclude>
    <ClInclude Include="src\3rd\irrlicht\dimension2d.h">
      <Filter>Header Files</Filter>
    </ClInclude>
    <ClInclude Include="src\3rd\irrlicht\driverChoice.h">
      <Filter>Header Files</Filter>
    </ClInclude>
    <ClInclude Include="src\3rd\irrlicht\EAttributes.h">
      <Filter>Header Files</Filter>
    </ClInclude>
    <ClInclude Include="src\3rd\irrlicht\ECullingTypes.h">
      <Filter>Header Files</Filter>
    </ClInclude>
    <ClInclude Include="src\3rd\irrlicht\EDebugSceneTypes.h">
      <Filter>Header Files</Filter>
    </ClInclude>
    <ClInclude Include="src\3rd\irrlicht\EDeviceTypes.h">
      <Filter>Header Files</Filter>
    </ClInclude>
    <ClInclude Include="src\3rd\irrlicht\EDriverFeatures.h">
      <Filter>Header Files</Filter>
    </ClInclude>
    <ClInclude Include="src\3rd\irrlicht\EDriverTypes.h">
      <Filter>Header Files</Filter>
    </ClInclude>
    <ClInclude Include="src\3rd\irrlicht\EGUIAlignment.h">
      <Filter>Header Files</Filter>
    </ClInclude>
    <ClInclude Include="src\3rd\irrlicht\EGUIElementTypes.h">
      <Filter>Header Files</Filter>
    </ClInclude>
    <ClInclude Include="src\3rd\irrlicht\EHardwareBufferFlags.h">
      <Filter>Header Files</Filter>
    </ClInclude>
    <ClInclude Include="src\3rd\irrlicht\EMaterialFlags.h">
      <Filter>Header Files</Filter>
    </ClInclude>
    <ClInclude Include="src\3rd\irrlicht\EMaterialTypes.h">
      <Filter>Header Files</Filter>
    </ClInclude>
    <ClInclude Include="src\3rd\irrlicht\EMeshWriterEnums.h">
      <Filter>Header Files</Filter>
    </ClInclude>
    <ClInclude Include="src\3rd\irrlicht\EMessageBoxFlags.h">
      <Filter>Header Files</Filter>
    </ClInclude>
    <ClInclude Include="src\3rd\irrlicht\EPrimitiveTypes.h">
      <Filter>Header Files</Filter>
    </ClInclude>
    <ClInclude Include="src\3rd\irrlicht\ESceneNodeAnimatorTypes.h">
      <Filter>Header Files</Filter>
    </ClInclude>
    <ClInclude Include="src\3rd\irrlicht\ESceneNodeTypes.h">
      <Filter>Header Files</Filter>
    </ClInclude>
    <ClInclude Include="src\3rd\irrlicht\EShaderTypes.h">
      <Filter>Header Files</Filter>
    </ClInclude>
    <ClInclude Include="src\3rd\irrlicht\ETerrainElements.h">
      <Filter>Header Files</Filter>
    </ClInclude>
    <ClInclude Include="src\3rd\irrlicht\fast_atof.h">
      <Filter>Header Files</Filter>
    </ClInclude>
    <ClInclude Include="src\3rd\irrlicht\heapsort.h">
      <Filter>Header Files</Filter>
    </ClInclude>
    <ClInclude Include="src\3rd\irrlicht\IAnimatedMesh.h">
      <Filter>Header Files</Filter>
    </ClInclude>
    <ClInclude Include="src\3rd\irrlicht\IAnimatedMeshMD2.h">
      <Filter>Header Files</Filter>
    </ClInclude>
    <ClInclude Include="src\3rd\irrlicht\IAnimatedMeshMD3.h">
      <Filter>Header Files</Filter>
    </ClInclude>
    <ClInclude Include="src\3rd\irrlicht\IAnimatedMeshSceneNode.h">
      <Filter>Header Files</Filter>
    </ClInclude>
    <ClInclude Include="src\3rd\irrlicht\IAttributeExchangingObject.h">
      <Filter>Header Files</Filter>
    </ClInclude>
    <ClInclude Include="src\3rd\irrlicht\IAttributes.h">
      <Filter>Header Files</Filter>
    </ClInclude>
    <ClInclude Include="src\3rd\irrlicht\IBillboardSceneNode.h">
      <Filter>Header Files</Filter>
    </ClInclude>
    <ClInclude Include="src\3rd\irrlicht\IBillboardTextSceneNode.h">
      <Filter>Header Files</Filter>
    </ClInclude>
    <ClInclude Include="src\3rd\irrlicht\IBoneSceneNode.h">
      <Filter>Header Files</Filter>
    </ClInclude>
    <ClInclude Include="src\3rd\irrlicht\ICameraSceneNode.h">
      <Filter>Header Files</Filter>
    </ClInclude>
    <ClInclude Include="src\3rd\irrlicht\IColladaMeshWriter.h">
      <Filter>Header Files</Filter>
    </ClInclude>
    <ClInclude Include="src\3rd\irrlicht\ICursorControl.h">
      <Filter>Header Files</Filter>
    </ClInclude>
    <ClInclude Include="src\3rd\irrlicht\IDummyTransformationSceneNode.h">
      <Filter>Header Files</Filter>
    </ClInclude>
    <ClInclude Include="src\3rd\irrlicht\IDynamicMeshBuffer.h">
      <Filter>Header Files</Filter>
    </ClInclude>
    <ClInclude Include="src\3rd\irrlicht\IEventReceiver.h">
      <Filter>Header Files</Filter>
    </ClInclude>
    <ClInclude Include="src\3rd\irrlicht\IFileArchive.h">
      <Filter>Header Files</Filter>
    </ClInclude>
    <ClInclude Include="src\3rd\irrlicht\IFileList.h">
      <Filter>Header Files</Filter>
    </ClInclude>
    <ClInclude Include="src\3rd\irrlicht\IFileSystem.h">
      <Filter>Header Files</Filter>
    </ClInclude>
    <ClInclude Include="src\3rd\irrlicht\IGeometryCreator.h">
      <Filter>Header Files</Filter>
    </ClInclude>
    <ClInclude Include="src\3rd\irrlicht\IGPUProgrammingServices.h">
      <Filter>Header Files</Filter>
    </ClInclude>
    <ClInclude Include="src\3rd\irrlicht\IGUIButton.h">
      <Filter>Header Files</Filter>
    </ClInclude>
    <ClInclude Include="src\3rd\irrlicht\IGUICheckBox.h">
      <Filter>Header Files</Filter>
    </ClInclude>
    <ClInclude Include="src\3rd\irrlicht\IGUIColorSelectDialog.h">
      <Filter>Header Files</Filter>
    </ClInclude>
    <ClInclude Include="src\3rd\irrlicht\IGUIComboBox.h">
      <Filter>Header Files</Filter>
    </ClInclude>
    <ClInclude Include="src\3rd\irrlicht\IGUIContextMenu.h">
      <Filter>Header Files</Filter>
    </ClInclude>
    <ClInclude Include="src\3rd\irrlicht\IGUIEditBox.h">
      <Filter>Header Files</Filter>
    </ClInclude>
    <ClInclude Include="src\3rd\irrlicht\IGUIElement.h">
      <Filter>Header Files</Filter>
    </ClInclude>
    <ClInclude Include="src\3rd\irrlicht\IGUIElementFactory.h">
      <Filter>Header Files</Filter>
    </ClInclude>
    <ClInclude Include="src\3rd\irrlicht\IGUIEnvironment.h">
      <Filter>Header Files</Filter>
    </ClInclude>
    <ClInclude Include="src\3rd\irrlicht\IGUIFileOpenDialog.h">
      <Filter>Header Files</Filter>
    </ClInclude>
    <ClInclude Include="src\3rd\irrlicht\IGUIFont.h">
      <Filter>Header Files</Filter>
    </ClInclude>
    <ClInclude Include="src\3rd\irrlicht\IGUIFontBitmap.h">
      <Filter>Header Files</Filter>
    </ClInclude>
    <ClInclude Include="src\3rd\irrlicht\IGUIImage.h">
      <Filter>Header Files</Filter>
    </ClInclude>
    <ClInclude Include="src\3rd\irrlicht\IGUIImageList.h">
      <Filter>Header Files</Filter>
    </ClInclude>
    <ClInclude Include="src\3rd\irrlicht\IGUIInOutFader.h">
      <Filter>Header Files</Filter>
    </ClInclude>
    <ClInclude Include="src\3rd\irrlicht\IGUIListBox.h">
      <Filter>Header Files</Filter>
    </ClInclude>
    <ClInclude Include="src\3rd\irrlicht\IGUIMeshViewer.h">
      <Filter>Header Files</Filter>
    </ClInclude>
    <ClInclude Include="src\3rd\irrlicht\IGUIScrollBar.h">
      <Filter>Header Files</Filter>
    </ClInclude>
    <ClInclude Include="src\3rd\irrlicht\IGUISkin.h">
      <Filter>Header Files</Filter>
    </ClInclude>
    <ClInclude Include="src\3rd\irrlicht\IGUISpinBox.h">
      <Filter>Header Files</Filter>
    </ClInclude>
    <ClInclude Include="src\3rd\irrlicht\IGUISpriteBank.h">
      <Filter>Header Files</Filter>
    </ClInclude>
    <ClInclude Include="src\3rd\irrlicht\IGUIStaticText.h">
      <Filter>Header Files</Filter>
    </ClInclude>
    <ClInclude Include="src\3rd\irrlicht\IGUITabControl.h">
      <Filter>Header Files</Filter>
    </ClInclude>
    <ClInclude Include="src\3rd\irrlicht\IGUITable.h">
      <Filter>Header Files</Filter>
    </ClInclude>
    <ClInclude Include="src\3rd\irrlicht\IGUIToolbar.h">
      <Filter>Header Files</Filter>
    </ClInclude>
    <ClInclude Include="src\3rd\irrlicht\IGUITreeView.h">
      <Filter>Header Files</Filter>
    </ClInclude>
    <ClInclude Include="src\3rd\irrlicht\IGUIWindow.h">
      <Filter>Header Files</Filter>
    </ClInclude>
    <ClInclude Include="src\3rd\irrlicht\IImage.h">
      <Filter>Header Files</Filter>
    </ClInclude>
    <ClInclude Include="src\3rd\irrlicht\IImageLoader.h">
      <Filter>Header Files</Filter>
    </ClInclude>
    <ClInclude Include="src\3rd\irrlicht\IImageWriter.h">
      <Filter>Header Files</Filter>
    </ClInclude>
    <ClInclude Include="src\3rd\irrlicht\IIndexBuffer.h">
      <Filter>Header Files</Filter>
    </ClInclude>
    <ClInclude Include="src\3rd\irrlicht\ILightManager.h">
      <Filter>Header Files</Filter>
    </ClInclude>
    <ClInclude Include="src\3rd\irrlicht\ILightSceneNode.h">
      <Filter>Header Files</Filter>
    </ClInclude>
    <ClInclude Include="src\3rd\irrlicht\ILogger.h">
      <Filter>Header Files</Filter>
    </ClInclude>
    <ClInclude Include="src\3rd\irrlicht\IMaterialRenderer.h">
      <Filter>Header Files</Filter>
    </ClInclude>
    <ClInclude Include="src\3rd\irrlicht\IMaterialRendererServices.h">
      <Filter>Header Files</Filter>
    </ClInclude>
    <ClInclude Include="src\3rd\irrlicht\IMesh.h">
      <Filter>Header Files</Filter>
    </ClInclude>
    <ClInclude Include="src\3rd\irrlicht\IMeshBuffer.h">
      <Filter>Header Files</Filter>
    </ClInclude>
    <ClInclude Include="src\3rd\irrlicht\IMeshCache.h">
      <Filter>Header Files</Filter>
    </ClInclude>
    <ClInclude Include="src\3rd\irrlicht\IMeshLoader.h">
      <Filter>Header Files</Filter>
    </ClInclude>
    <ClInclude Include="src\3rd\irrlicht\IMeshManipulator.h">
      <Filter>Header Files</Filter>
    </ClInclude>
    <ClInclude Include="src\3rd\irrlicht\IMeshSceneNode.h">
      <Filter>Header Files</Filter>
    </ClInclude>
    <ClInclude Include="src\3rd\irrlicht\IMeshWriter.h">
      <Filter>Header Files</Filter>
    </ClInclude>
    <ClInclude Include="src\3rd\irrlicht\IMetaTriangleSelector.h">
      <Filter>Header Files</Filter>
    </ClInclude>
    <ClInclude Include="src\3rd\irrlicht\IOSOperator.h">
      <Filter>Header Files</Filter>
    </ClInclude>
    <ClInclude Include="src\3rd\irrlicht\IParticleAffector.h">
      <Filter>Header Files</Filter>
    </ClInclude>
    <ClInclude Include="src\3rd\irrlicht\IParticleAnimatedMeshSceneNodeEmitter.h">
      <Filter>Header Files</Filter>
    </ClInclude>
    <ClInclude Include="src\3rd\irrlicht\IParticleAttractionAffector.h">
      <Filter>Header Files</Filter>
    </ClInclude>
    <ClInclude Include="src\3rd\irrlicht\IParticleBoxEmitter.h">
      <Filter>Header Files</Filter>
    </ClInclude>
    <ClInclude Include="src\3rd\irrlicht\IParticleCylinderEmitter.h">
      <Filter>Header Files</Filter>
    </ClInclude>
    <ClInclude Include="src\3rd\irrlicht\IParticleEmitter.h">
      <Filter>Header Files</Filter>
    </ClInclude>
    <ClInclude Include="src\3rd\irrlicht\IParticleFadeOutAffector.h">
      <Filter>Header Files</Filter>
    </ClInclude>
    <ClInclude Include="src\3rd\irrlicht\IParticleGravityAffector.h">
      <Filter>Header Files</Filter>
    </ClInclude>
    <ClInclude Include="src\3rd\irrlicht\IParticleMeshEmitter.h">
      <Filter>Header Files</Filter>
    </ClInclude>
    <ClInclude Include="src\3rd\irrlicht\IParticleRingEmitter.h">
      <Filter>Header Files</Filter>
    </ClInclude>
    <ClInclude Include="src\3rd\irrlicht\IParticleRotationAffector.h">
      <Filter>Header Files</Filter>
    </ClInclude>
    <ClInclude Include="src\3rd\irrlicht\IParticleSphereEmitter.h">
      <Filter>Header Files</Filter>
    </ClInclude>
    <ClInclude Include="src\3rd\irrlicht\IParticleSystemSceneNode.h">
      <Filter>Header Files</Filter>
    </ClInclude>
    <ClInclude Include="src\3rd\irrlicht\IQ3LevelMesh.h">
      <Filter>Header Files</Filter>
    </ClInclude>
    <ClInclude Include="src\3rd\irrlicht\IQ3Shader.h">
      <Filter>Header Files</Filter>
    </ClInclude>
    <ClInclude Include="src\3rd\irrlicht\IRandomizer.h">
      <Filter>Header Files</Filter>
    </ClInclude>
    <ClInclude Include="src\3rd\irrlicht\IReadFile.h">
      <Filter>Header Files</Filter>
    </ClInclude>
    <ClInclude Include="src\3rd\irrlicht\IReferenceCounted.h">
      <Filter>Header Files</Filter>
    </ClInclude>
    <ClInclude Include="src\3rd\irrlicht\irrAllocator.h">
      <Filter>Header Files</Filter>
    </ClInclude>
    <ClInclude Include="src\3rd\irrlicht\irrArray.h">
      <Filter>Header Files</Filter>
    </ClInclude>
    <ClInclude Include="src\3rd\irrlicht\IrrCompileConfig.h">
      <Filter>Header Files</Filter>
    </ClInclude>
    <ClInclude Include="src\3rd\irrlicht\irrlicht.h">
      <Filter>Header Files</Filter>
    </ClInclude>
    <ClInclude Include="src\3rd\irrlicht\IrrlichtDevice.h">
      <Filter>Header Files</Filter>
    </ClInclude>
    <ClInclude Include="src\3rd\irrlicht\irrList.h">
      <Filter>Header Files</Filter>
    </ClInclude>
    <ClInclude Include="src\3rd\irrlicht\irrMap.h">
      <Filter>Header Files</Filter>
    </ClInclude>
    <ClInclude Include="src\3rd\irrlicht\irrMath.h">
      <Filter>Header Files</Filter>
    </ClInclude>
    <ClInclude Include="src\3rd\irrlicht\irrpack.h">
      <Filter>Header Files</Filter>
    </ClInclude>
    <ClInclude Include="src\3rd\irrlicht\irrString.h">
      <Filter>Header Files</Filter>
    </ClInclude>
    <ClInclude Include="src\3rd\irrlicht\irrTypes.h">
      <Filter>Header Files</Filter>
    </ClInclude>
    <ClInclude Include="src\3rd\irrlicht\irrunpack.h">
      <Filter>Header Files</Filter>
    </ClInclude>
    <ClInclude Include="src\3rd\irrlicht\irrXML.h">
      <Filter>Header Files</Filter>
    </ClInclude>
    <ClInclude Include="src\3rd\irrlicht\ISceneCollisionManager.h">
      <Filter>Header Files</Filter>
    </ClInclude>
    <ClInclude Include="src\3rd\irrlicht\ISceneLoader.h">
      <Filter>Header Files</Filter>
    </ClInclude>
    <ClInclude Include="src\3rd\irrlicht\ISceneManager.h">
      <Filter>Header Files</Filter>
    </ClInclude>
    <ClInclude Include="src\3rd\irrlicht\ISceneNode.h">
      <Filter>Header Files</Filter>
    </ClInclude>
    <ClInclude Include="src\3rd\irrlicht\ISceneNodeAnimator.h">
      <Filter>Header Files</Filter>
    </ClInclude>
    <ClInclude Include="src\3rd\irrlicht\ISceneNodeAnimatorCameraFPS.h">
      <Filter>Header Files</Filter>
    </ClInclude>
    <ClInclude Include="src\3rd\irrlicht\ISceneNodeAnimatorCameraMaya.h">
      <Filter>Header Files</Filter>
    </ClInclude>
    <ClInclude Include="src\3rd\irrlicht\ISceneNodeAnimatorCollisionResponse.h">
      <Filter>Header Files</Filter>
    </ClInclude>
    <ClInclude Include="src\3rd\irrlicht\ISceneNodeAnimatorFactory.h">
      <Filter>Header Files</Filter>
    </ClInclude>
    <ClInclude Include="src\3rd\irrlicht\ISceneNodeFactory.h">
      <Filter>Header Files</Filter>
    </ClInclude>
    <ClInclude Include="src\3rd\irrlicht\ISceneUserDataSerializer.h">
      <Filter>Header Files</Filter>
    </ClInclude>
    <ClInclude Include="src\3rd\irrlicht\IShaderConstantSetCallBack.h">
      <Filter>Header Files</Filter>
    </ClInclude>
    <ClInclude Include="src\3rd\irrlicht\IShadowVolumeSceneNode.h">
      <Filter>Header Files</Filter>
    </ClInclude>
    <ClInclude Include="src\3rd\irrlicht\ISkinnedMesh.h">
      <Filter>Header Files</Filter>
    </ClInclude>
    <ClInclude Include="src\3rd\irrlicht\ITerrainSceneNode.h">
      <Filter>Header Files</Filter>
    </ClInclude>
    <ClInclude Include="src\3rd\irrlicht\ITextSceneNode.h">
      <Filter>Header Files</Filter>
    </ClInclude>
    <ClInclude Include="src\3rd\irrlicht\ITexture.h">
      <Filter>Header Files</Filter>
    </ClInclude>
    <ClInclude Include="src\3rd\irrlicht\ITimer.h">
      <Filter>Header Files</Filter>
    </ClInclude>
    <ClInclude Include="src\3rd\irrlicht\ITriangleSelector.h">
      <Filter>Header Files</Filter>
    </ClInclude>
    <ClInclude Include="src\3rd\irrlicht\IVertexBuffer.h">
      <Filter>Header Files</Filter>
    </ClInclude>
    <ClInclude Include="src\3rd\irrlicht\IVideoDriver.h">
      <Filter>Header Files</Filter>
    </ClInclude>
    <ClInclude Include="src\3rd\irrlicht\IVideoModeList.h">
      <Filter>Header Files</Filter>
    </ClInclude>
    <ClInclude Include="src\3rd\irrlicht\IVolumeLightSceneNode.h">
      <Filter>Header Files</Filter>
    </ClInclude>
    <ClInclude Include="src\3rd\irrlicht\IWriteFile.h">
      <Filter>Header Files</Filter>
    </ClInclude>
    <ClInclude Include="src\3rd\irrlicht\IXMLReader.h">
      <Filter>Header Files</Filter>
    </ClInclude>
    <ClInclude Include="src\3rd\irrlicht\IXMLWriter.h">
      <Filter>Header Files</Filter>
    </ClInclude>
    <ClInclude Include="src\3rd\irrlicht\Keycodes.h">
      <Filter>Header Files</Filter>
    </ClInclude>
    <ClInclude Include="src\3rd\irrlicht\line2d.h">
      <Filter>Header Files</Filter>
    </ClInclude>
    <ClInclude Include="src\3rd\irrlicht\line3d.h">
      <Filter>Header Files</Filter>
    </ClInclude>
    <ClInclude Include="src\3rd\irrlicht\matrix4.h">
      <Filter>Header Files</Filter>
    </ClInclude>
    <ClInclude Include="src\3rd\irrlicht\path.h">
      <Filter>Header Files</Filter>
    </ClInclude>
    <ClInclude Include="src\3rd\irrlicht\plane3d.h">
      <Filter>Header Files</Filter>
    </ClInclude>
    <ClInclude Include="src\3rd\irrlicht\position2d.h">
      <Filter>Header Files</Filter>
    </ClInclude>
    <ClInclude Include="src\3rd\irrlicht\quaternion.h">
      <Filter>Header Files</Filter>
    </ClInclude>
    <ClInclude Include="src\3rd\irrlicht\rect.h">
      <Filter>Header Files</Filter>
    </ClInclude>
    <ClInclude Include="src\3rd\irrlicht\S3DVertex.h">
      <Filter>Header Files</Filter>
    </ClInclude>
    <ClInclude Include="src\3rd\irrlicht\SAnimatedMesh.h">
      <Filter>Header Files</Filter>
    </ClInclude>
    <ClInclude Include="src\3rd\irrlicht\SceneParameters.h">
      <Filter>Header Files</Filter>
    </ClInclude>
    <ClInclude Include="src\3rd\irrlicht\SColor.h">
      <Filter>Header Files</Filter>
    </ClInclude>
    <ClInclude Include="src\3rd\irrlicht\SExposedVideoData.h">
      <Filter>Header Files</Filter>
    </ClInclude>
    <ClInclude Include="src\3rd\irrlicht\SIrrCreationParameters.h">
      <Filter>Header Files</Filter>
    </ClInclude>
    <ClInclude Include="src\3rd\irrlicht\SKeyMap.h">
      <Filter>Header Files</Filter>
    </ClInclude>
    <ClInclude Include="src\3rd\irrlicht\SLight.h">
      <Filter>Header Files</Filter>
    </ClInclude>
    <ClInclude Include="src\3rd\irrlicht\SMaterial.h">
      <Filter>Header Files</Filter>
    </ClInclude>
    <ClInclude Include="src\3rd\irrlicht\SMaterialLayer.h">
      <Filter>Header Files</Filter>
    </ClInclude>
    <ClInclude Include="src\3rd\irrlicht\SMesh.h">
      <Filter>Header Files</Filter>
    </ClInclude>
    <ClInclude Include="src\3rd\irrlicht\SMeshBuffer.h">
      <Filter>Header Files</Filter>
    </ClInclude>
    <ClInclude Include="src\3rd\irrlicht\SMeshBufferLightMap.h">
      <Filter>Header Files</Filter>
    </ClInclude>
    <ClInclude Include="src\3rd\irrlicht\SMeshBufferTangents.h">
      <Filter>Header Files</Filter>
    </ClInclude>
    <ClInclude Include="src\3rd\irrlicht\SParticle.h">
      <Filter>Header Files</Filter>
    </ClInclude>
    <ClInclude Include="src\3rd\irrlicht\SSharedMeshBuffer.h">
      <Filter>Header Files</Filter>
    </ClInclude>
    <ClInclude Include="src\3rd\irrlicht\SSkinMeshBuffer.h">
      <Filter>Header Files</Filter>
    </ClInclude>
    <ClInclude Include="src\3rd\irrlicht\SVertexIndex.h">
      <Filter>Header Files</Filter>
    </ClInclude>
    <ClInclude Include="src\3rd\irrlicht\SVertexManipulator.h">
      <Filter>Header Files</Filter>
    </ClInclude>
    <ClInclude Include="src\3rd\irrlicht\SViewFrustum.h">
      <Filter>Header Files</Filter>
    </ClInclude>
    <ClInclude Include="src\3rd\irrlicht\triangle3d.h">
      <Filter>Header Files</Filter>
    </ClInclude>
    <ClInclude Include="src\3rd\irrlicht\vector2d.h">
      <Filter>Header Files</Filter>
    </ClInclude>
    <ClInclude Include="src\3rd\irrlicht\vector3d.h">
      <Filter>Header Files</Filter>
    </ClInclude>
    <ClInclude Include="src\3rd\gg\any.hpp">
      <Filter>Header Files</Filter>
    </ClInclude>
    <ClInclude Include="src\3rd\gg\console.hpp">
      <Filter>Header Files</Filter>
    </ClInclude>
    <ClInclude Include="src\3rd\gg\database.hpp">
      <Filter>Header Files</Filter>
    </ClInclude>
    <ClInclude Include="src\3rd\gg\event.hpp">
      <Filter>Header Files</Filter>
    </ClInclude>
    <ClInclude Include="src\3rd\gg\function.hpp">
      <Filter>Header Files</Filter>
    </ClInclude>
    <ClInclude Include="src\3rd\gg\idgenerator.hpp">
      <Filter>Header Files</Filter>
    </ClInclude>
    <ClInclude Include="src\3rd\gg\logger.hpp">
      <Filter>Header Files</Filter>
    </ClInclude>
    <ClInclude Include="src\3rd\gg\network.hpp">
      <Filter>Header Files</Filter>
    </ClInclude>
    <ClInclude Include="src\3rd\gg\optional.hpp">
      <Filter>Header Files</Filter>
    </ClInclude>
    <ClInclude Include="src\3rd\gg\resource.hpp">
      <Filter>Header Files</Filter>
    </ClInclude>
    <ClInclude Include="src\3rd\gg\rwmutex.hpp">
      <Filter>Header Files</Filter>
    </ClInclude>
    <ClInclude Include="src\3rd\gg\serializable.hpp">
      <Filter>Header Files</Filter>
    </ClInclude>
    <ClInclude Include="src\3rd\gg\storage.hpp">
      <Filter>Header Files</Filter>
    </ClInclude>
    <ClInclude Include="src\3rd\gg\streamutil.hpp">
      <Filter>Header Files</Filter>
    </ClInclude>
    <ClInclude Include="src\3rd\gg\thread.hpp">
      <Filter>Header Files</Filter>
    </ClInclude>
    <ClInclude Include="src\3rd\gg\timer.hpp">
      <Filter>Header Files</Filter>
    </ClInclude>
    <ClInclude Include="src\3rd\gg\version.hpp">
      <Filter>Header Files</Filter>
    </ClInclude>
    <ClInclude Include="src\utils\perlin.hpp">
      <Filter>Header Files</Filter>
    </ClInclude>
    <ClInclude Include="src\tasks\cameracontroller.hpp">
      <Filter>Header Files</Filter>
    </ClInclude>
    <ClInclude Include="src\tasks\maintask.hpp">
      <Filter>Header Files</Filter>
    </ClInclude>
    <ClInclude Include="src\nodes\groundnode.hpp">
      <Filter>Header Files</Filter>
    </ClInclude>
    <ClInclude Include="src\utils\grid.hpp">
      <Filter>Header Files</Filter>
    </ClInclude>
    <ClInclude Include="src\utils\inputmanager.hpp">
      <Filter>Header Files</Filter>
    </ClInclude>
    <ClInclude Include="src\meshes\cubemesh.hpp">
      <Filter>Header Files</Filter>
    </ClInclude>
    <ClInclude Include="src\meshes\roundedcubemesh.hpp">
      <Filter>Header Files</Filter>
    </ClInclude>
    <ClInclude Include="src\tasks\leveltask.hpp">
      <Filter>Header Files</Filter>
    </ClInclude>
    <ClInclude Include="src\events\inputevents.hpp">
      <Filter>Header Files</Filter>
    </ClInclude>
    <ClInclude Include="src\nodes\basenode.hpp">
      <Filter>Header Files</Filter>
    </ClInclude>
    <ClInclude Include="src\meshes\basemesh.hpp">
      <Filter>Header Files</Filter>
    </ClInclude>
    <ClInclude Include="src\materials\shadercallback.hpp">
      <Filter>Header Files</Filter>
    </ClInclude>
    <ClInclude Include="src\materials\basematerial.hpp">
      <Filter>Header Files</Filter>
    </ClInclude>
    <ClInclude Include="src\materials\outlinematerial.hpp">
      <Filter>Header Files</Filter>
    </ClInclude>
    <ClInclude Include="src\materials\linematerial.hpp">
      <Filter>Header Files</Filter>
    </ClInclude>
    <ClInclude Include="src\materials\flatmaterial.hpp">
      <Filter>Header Files</Filter>
    </ClInclude>
    <ClInclude Include="src\level\level.hpp">
      <Filter>Header Files</Filter>
    </ClInclude>
    <ClInclude Include="src\level\levelgenerator.hpp">
      <Filter>Header Files</Filter>
    </ClInclude>
    <ClInclude Include="src\utils\mousepointer.hpp">
      <Filter>Header Files</Filter>
    </ClInclude>
    <ClInclude Include="src\3rd\micropather\micropather.h">
      <Filter>Header Files</Filter>
    </ClInclude>
    <ClInclude Include="src\level\pathfinder.hpp">
      <Filter>Header Files</Filter>
    </ClInclude>
    <ClInclude Include="src\nodes\quboidnode.hpp">
      <Filter>Header Files</Filter>
    </ClInclude>
    <ClInclude Include="src\nodes\animators\walkanimator.hpp">
      <Filter>Header Files</Filter>
    </ClInclude>
    <ClInclude Include="src\3rd\randomlib\Config.h">
      <Filter>Header Files</Filter>
    </ClInclude>
    <ClInclude Include="src\3rd\randomlib\DiscreteNormal.hpp">
      <Filter>Header Files</Filter>
    </ClInclude>
    <ClInclude Include="src\3rd\randomlib\DiscreteNormalAlt.hpp">
      <Filter>Header Files</Filter>
    </ClInclude>
    <ClInclude Include="src\3rd\randomlib\ExactExponential.hpp">
      <Filter>Header Files</Filter>
    </ClInclude>
    <ClInclude Include="src\3rd\randomlib\ExactNormal.hpp">
      <Filter>Header Files</Filter>
    </ClInclude>
    <ClInclude Include="src\3rd\randomlib\ExactPower.hpp">
      <Filter>Header Files</Filter>
    </ClInclude>
    <ClInclude Include="src\3rd\randomlib\ExponentialDistribution.hpp">
      <Filter>Header Files</Filter>
    </ClInclude>
    <ClInclude Include="src\3rd\randomlib\ExponentialProb.hpp">
      <Filter>Header Files</Filter>
    </ClInclude>
    <ClInclude Include="src\3rd\randomlib\InverseEProb.hpp">
      <Filter>Header Files</Filter>
    </ClInclude>
    <ClInclude Include="src\3rd\randomlib\InversePiProb.hpp">
      <Filter>Header Files</Filter>
    </ClInclude>
    <ClInclude Include="src\3rd\randomlib\LeadingZeros.hpp">
      <Filter>Header Files</Filter>
    </ClInclude>
    <ClInclude Include="src\3rd\randomlib\MPFRExponential.hpp">
      <Filter>Header Files</Filter>
    </ClInclude>
    <ClInclude Include="src\3rd\randomlib\MPFRExponentialL.hpp">
      <Filter>Header Files</Filter>
    </ClInclude>
    <ClInclude Include="src\3rd\randomlib\MPFRNormal.hpp">
      <Filter>Header Files</Filter>
    </ClInclude>
    <ClInclude Include="src\3rd\randomlib\MPFRNormalK.hpp">
      <Filter>Header Files</Filter>
    </ClInclude>
    <ClInclude Include="src\3rd\randomlib\MPFRNormalR.hpp">
      <Filter>Header Files</Filter>
    </ClInclude>
    <ClInclude Include="src\3rd\randomlib\MPFRRandom.hpp">
      <Filter>Header Files</Filter>
    </ClInclude>
    <ClInclude Include="src\3rd\randomlib\MPFRUniform.hpp">
      <Filter>Header Files</Filter>
    </ClInclude>
    <ClInclude Include="src\3rd\randomlib\NormalDistribution.hpp">
      <Filter>Header Files</Filter>
    </ClInclude>
    <ClInclude Include="src\3rd\randomlib\Random.hpp">
      <Filter>Header Files</Filter>
    </ClInclude>
    <ClInclude Include="src\3rd\randomlib\RandomAlgorithm.hpp">
      <Filter>Header Files</Filter>
    </ClInclude>
    <ClInclude Include="src\3rd\randomlib\RandomCanonical.hpp">
      <Filter>Header Files</Filter>
    </ClInclude>
    <ClInclude Include="src\3rd\randomlib\RandomEngine.hpp">
      <Filter>Header Files</Filter>
    </ClInclude>
    <ClInclude Include="src\3rd\randomlib\RandomMixer.hpp">
      <Filter>Header Files</Filter>
    </ClInclude>
    <ClInclude Include="src\3rd\randomlib\RandomNumber.hpp">
      <Filter>Header Files</Filter>
    </ClInclude>
    <ClInclude Include="src\3rd\randomlib\RandomPower2.hpp">
      <Filter>Header Files</Filter>
    </ClInclude>
    <ClInclude Include="src\3rd\randomlib\RandomSeed.hpp">
      <Filter>Header Files</Filter>
    </ClInclude>
    <ClInclude Include="src\3rd\randomlib\RandomSelect.hpp">
      <Filter>Header Files</Filter>
    </ClInclude>
    <ClInclude Include="src\3rd\randomlib\RandomType.hpp">
      <Filter>Header Files</Filter>
    </ClInclude>
    <ClInclude Include="src\3rd\randomlib\UniformInteger.hpp">
      <Filter>Header Files</Filter>
    </ClInclude>
    <ClInclude Include="src\application.hpp">
      <Filter>Header Files</Filter>
    </ClInclude>
    <ClInclude Include="src\materials\cellmaterial.hpp">
      <Filter>Header Files</Filter>
    </ClInclude>
    <ClInclude Include="src\nodes\terrainnode.hpp">
      <Filter>Header Files</Filter>
    </ClInclude>
    <ClInclude Include="src\utils\marchingcubes.hpp">
      <Filter>Header Files</Filter>
    </ClInclude>
  </ItemGroup>
  <ItemGroup>
    <ClCompile Include="src\main.cpp">
      <Filter>Source Files</Filter>
    </ClCompile>
    <ClCompile Include="src\tasks\cameracontroller.cpp">
      <Filter>Source Files</Filter>
    </ClCompile>
    <ClCompile Include="src\tasks\maintask.cpp">
      <Filter>Source Files</Filter>
    </ClCompile>
    <ClCompile Include="src\nodes\groundnode.cpp">
      <Filter>Source Files</Filter>
    </ClCompile>
    <ClCompile Include="src\utils\inputmanager.cpp">
      <Filter>Source Files</Filter>
    </ClCompile>
    <ClCompile Include="src\tasks\leveltask.cpp">
      <Filter>Source Files</Filter>
    </ClCompile>
    <ClCompile Include="src\events\inputevents.cpp">
      <Filter>Source Files</Filter>
    </ClCompile>
    <ClCompile Include="src\nodes\basenode.cpp">
      <Filter>Source Files</Filter>
    </ClCompile>
    <ClCompile Include="src\meshes\basemesh.cpp">
      <Filter>Source Files</Filter>
    </ClCompile>
    <ClCompile Include="src\materials\basematerial.cpp">
      <Filter>Source Files</Filter>
    </ClCompile>
    <ClCompile Include="src\materials\outlinematerial.cpp">
      <Filter>Source Files</Filter>
    </ClCompile>
    <ClCompile Include="src\materials\flatmaterial.cpp">
      <Filter>Source Files</Filter>
    </ClCompile>
    <ClCompile Include="src\level\level.cpp">
      <Filter>Source Files</Filter>
    </ClCompile>
    <ClCompile Include="src\level\levelgenerator.cpp">
      <Filter>Source Files</Filter>
    </ClCompile>
    <ClCompile Include="src\utils\mousepointer.cpp">
      <Filter>Source Files</Filter>
    </ClCompile>
    <ClCompile Include="src\3rd\micropather\micropather.cpp">
      <Filter>Source Files</Filter>
    </ClCompile>
    <ClCompile Include="src\level\pathfinder.cpp">
      <Filter>Source Files</Filter>
    </ClCompile>
    <ClCompile Include="src\nodes\quboidnode.cpp">
      <Filter>Source Files</Filter>
    </ClCompile>
    <ClCompile Include="src\nodes\animators\walkanimator.cpp">
      <Filter>Source Files</Filter>
    </ClCompile>
    <ClCompile Include="src\materials\shadercallback.cpp">
      <Filter>Source Files</Filter>
    </ClCompile>
    <ClCompile Include="src\3rd\randomlib\Random.cpp">
      <Filter>Source Files</Filter>
    </ClCompile>
    <ClCompile Include="src\application.cpp">
      <Filter>Source Files</Filter>
    </ClCompile>
    <ClCompile Include="src\materials\cellmaterial.cpp">
      <Filter>Source Files</Filter>
    </ClCompile>
    <ClCompile Include="src\nodes\terrainnode.cpp">
      <Filter>Source Files</Filter>
    </ClCompile>
    <ClCompile Include="src\utils\marchingcubes.cpp">
      <Filter>Source Files</Filter>
    </ClCompile>
  </ItemGroup>
</Project>